
Microsoft Visual Studio Solution File, Format Version 12.00
# Visual Studio Version 17
VisualStudioVersion = 17.14.36109.1
MinimumVisualStudioVersion = 10.0.40219.1
Project("{FAE04EC0-301F-11D3-BF4B-00C04F79EFBC}") = "Domain", "Domain\Domain.csproj", "{853108E0-6E83-4B88-8823-FE04AD10C3DB}"
EndProject
Project("{FAE04EC0-301F-11D3-BF4B-00C04F79EFBC}") = "Application", "Application\Application.csproj", "{BD1FF5E1-BB8A-4276-B10B-C4261B49603A}"
EndProject
Project("{FAE04EC0-301F-11D3-BF4B-00C04F79EFBC}") = "Presentation-API", "Presentation-API\Presentation-API.csproj", "{D6334FE4-7017-438D-ADEA-2A8C6C5FFC33}"
EndProject
Project("{FAE04EC0-301F-11D3-BF4B-00C04F79EFBC}") = "Infra", "Infra\Infra.csproj", "{1C813880-B016-4D35-BF23-231ECD50BBF1}"
EndProject
Global
	GlobalSection(SolutionConfigurationPlatforms) = preSolution
		Debug|Any CPU = Debug|Any CPU
		Release|Any CPU = Release|Any CPU
	EndGlobalSection
	GlobalSection(ProjectConfigurationPlatforms) = postSolution
		{853108E0-6E83-4B88-8823-FE04AD10C3DB}.Debug|Any CPU.ActiveCfg = Debug|Any CPU
		{853108E0-6E83-4B88-8823-FE04AD10C3DB}.Debug|Any CPU.Build.0 = Debug|Any CPU
		{853108E0-6E83-4B88-8823-FE04AD10C3DB}.Release|Any CPU.ActiveCfg = Release|Any CPU
		{853108E0-6E83-4B88-8823-FE04AD10C3DB}.Release|Any CPU.Build.0 = Release|Any CPU
		{BD1FF5E1-BB8A-4276-B10B-C4261B49603A}.Debug|Any CPU.ActiveCfg = Debug|Any CPU
		{BD1FF5E1-BB8A-4276-B10B-C4261B49603A}.Debug|Any CPU.Build.0 = Debug|Any CPU
		{BD1FF5E1-BB8A-4276-B10B-C4261B49603A}.Release|Any CPU.ActiveCfg = Release|Any CPU
		{BD1FF5E1-BB8A-4276-B10B-C4261B49603A}.Release|Any CPU.Build.0 = Release|Any CPU
		{D6334FE4-7017-438D-ADEA-2A8C6C5FFC33}.Debug|Any CPU.ActiveCfg = Debug|Any CPU
		{D6334FE4-7017-438D-ADEA-2A8C6C5FFC33}.Debug|Any CPU.Build.0 = Debug|Any CPU
		{D6334FE4-7017-438D-ADEA-2A8C6C5FFC33}.Release|Any CPU.ActiveCfg = Release|Any CPU
		{D6334FE4-7017-438D-ADEA-2A8C6C5FFC33}.Release|Any CPU.Build.0 = Release|Any CPU
		{1C813880-B016-4D35-BF23-231ECD50BBF1}.Debug|Any CPU.ActiveCfg = Debug|Any CPU
		{1C813880-B016-4D35-BF23-231ECD50BBF1}.Debug|Any CPU.Build.0 = Debug|Any CPU
		{1C813880-B016-4D35-BF23-231ECD50BBF1}.Release|Any CPU.ActiveCfg = Release|Any CPU
		{1C813880-B016-4D35-BF23-231ECD50BBF1}.Release|Any CPU.Build.0 = Release|Any CPU
	EndGlobalSection
	GlobalSection(SolutionProperties) = preSolution
		HideSolutionNode = FALSE
	EndGlobalSection
	GlobalSection(ExtensibilityGlobals) = postSolution
		SolutionGuid = {67DB0712-B7CE-412B-8C59-74370C28EDD4}
	EndGlobalSection
EndGlobal
